// !$*UTF8*$!
{
	archiveVersion = 1;
	classes = {
	};
	objectVersion = 56;
	objects = {

/* Begin PBXBuildFile section */
		E931E69829F98E3F00E089CF /* NewTrackerMenu.swift in Sources */ = {isa = PBXBuildFile; fileRef = E931E69729F98E3F00E089CF /* NewTrackerMenu.swift */; };
		E931E69A29F9921E00E089CF /* Tracker.swift in Sources */ = {isa = PBXBuildFile; fileRef = E931E69929F9921E00E089CF /* Tracker.swift */; };
		E931E69C29F992B900E089CF /* Schedule.swift in Sources */ = {isa = PBXBuildFile; fileRef = E931E69B29F992B900E089CF /* Schedule.swift */; };
		E931E69E29F993E200E089CF /* TrackerCategory.swift in Sources */ = {isa = PBXBuildFile; fileRef = E931E69D29F993E200E089CF /* TrackerCategory.swift */; };
		E931E6A029F9944E00E089CF /* TrackerRecord.swift in Sources */ = {isa = PBXBuildFile; fileRef = E931E69F29F9944E00E089CF /* TrackerRecord.swift */; };
		E93653D729EF20B500AA0D9C /* ColorCollectionView.swift in Sources */ = {isa = PBXBuildFile; fileRef = E93653D629EF20B500AA0D9C /* ColorCollectionView.swift */; };
		E93653D929EF227900AA0D9C /* ColorCell.swift in Sources */ = {isa = PBXBuildFile; fileRef = E93653D829EF227900AA0D9C /* ColorCell.swift */; };
		E93653DB29F145BC00AA0D9C /* СhooseCategoryViewController.swift in Sources */ = {isa = PBXBuildFile; fileRef = E93653DA29F145BC00AA0D9C /* СhooseCategoryViewController.swift */; };
		E97A9DCB29EC471300ED53CE /* TrackerItemsView.swift in Sources */ = {isa = PBXBuildFile; fileRef = E97A9DCA29EC471300ED53CE /* TrackerItemsView.swift */; };
		E9853A4029E444FE00D16744 /* AddTrackerViewController.swift in Sources */ = {isa = PBXBuildFile; fileRef = E9853A3F29E444FE00D16744 /* AddTrackerViewController.swift */; };
		E9853A4229E44D7E00D16744 /* TabBarViewContoller.swift in Sources */ = {isa = PBXBuildFile; fileRef = E9853A4129E44D7E00D16744 /* TabBarViewContoller.swift */; };
		E9853A4429E44EFE00D16744 /* StatisticViewController.swift in Sources */ = {isa = PBXBuildFile; fileRef = E9853A4329E44EFE00D16744 /* StatisticViewController.swift */; };
		E9853A4929E4823700D16744 /* TrackerCell.swift in Sources */ = {isa = PBXBuildFile; fileRef = E9853A4829E4823700D16744 /* TrackerCell.swift */; };
		E993847929F470C400BF0ECC /* ScheduleViewController.swift in Sources */ = {isa = PBXBuildFile; fileRef = E993847829F470C400BF0ECC /* ScheduleViewController.swift */; };
		E993847B29F470ED00BF0ECC /* ScheduleTableView.swift in Sources */ = {isa = PBXBuildFile; fileRef = E993847A29F470ED00BF0ECC /* ScheduleTableView.swift */; };
		E99E6B7729FDA8DF00CB505E /* TrackerCellHeader.swift in Sources */ = {isa = PBXBuildFile; fileRef = E99E6B7629FDA8DF00CB505E /* TrackerCellHeader.swift */; };
		E9A627C329DCAAEE00EDD4BA /* AppDelegate.swift in Sources */ = {isa = PBXBuildFile; fileRef = E9A627C229DCAAEE00EDD4BA /* AppDelegate.swift */; };
		E9A627C529DCAAEE00EDD4BA /* SceneDelegate.swift in Sources */ = {isa = PBXBuildFile; fileRef = E9A627C429DCAAEE00EDD4BA /* SceneDelegate.swift */; };
		E9A627C729DCAAEE00EDD4BA /* TrackersViewController.swift in Sources */ = {isa = PBXBuildFile; fileRef = E9A627C629DCAAEE00EDD4BA /* TrackersViewController.swift */; };
		E9A627CA29DCAAEE00EDD4BA /* Main.storyboard in Resources */ = {isa = PBXBuildFile; fileRef = E9A627C829DCAAEE00EDD4BA /* Main.storyboard */; };
		E9A627CC29DCAAEF00EDD4BA /* Assets.xcassets in Resources */ = {isa = PBXBuildFile; fileRef = E9A627CB29DCAAEF00EDD4BA /* Assets.xcassets */; };
		E9A627CF29DCAAEF00EDD4BA /* LaunchScreen.storyboard in Resources */ = {isa = PBXBuildFile; fileRef = E9A627CD29DCAAEF00EDD4BA /* LaunchScreen.storyboard */; };
		E9B6295129ED419C00755E19 /* NewTrackerViewController.swift in Sources */ = {isa = PBXBuildFile; fileRef = E9B6295029ED419C00755E19 /* NewTrackerViewController.swift */; };
		E9B6295429ED6C1900755E19 /* MenuTableView.swift in Sources */ = {isa = PBXBuildFile; fileRef = E9B6295329ED6C1900755E19 /* MenuTableView.swift */; };
		E9B6295829EDE0A400755E19 /* EmojiCollectionView.swift in Sources */ = {isa = PBXBuildFile; fileRef = E9B6295729EDE0A400755E19 /* EmojiCollectionView.swift */; };
		E9B6295A29EDE1F600755E19 /* EmojiCell.swift in Sources */ = {isa = PBXBuildFile; fileRef = E9B6295929EDE1F500755E19 /* EmojiCell.swift */; };
/* End PBXBuildFile section */

/* Begin PBXFileReference section */
		E931E69729F98E3F00E089CF /* NewTrackerMenu.swift */ = {isa = PBXFileReference; lastKnownFileType = sourcecode.swift; path = NewTrackerMenu.swift; sourceTree = "<group>"; };
		E931E69929F9921E00E089CF /* Tracker.swift */ = {isa = PBXFileReference; lastKnownFileType = sourcecode.swift; path = Tracker.swift; sourceTree = "<group>"; };
		E931E69B29F992B900E089CF /* Schedule.swift */ = {isa = PBXFileReference; lastKnownFileType = sourcecode.swift; path = Schedule.swift; sourceTree = "<group>"; };
		E931E69D29F993E200E089CF /* TrackerCategory.swift */ = {isa = PBXFileReference; lastKnownFileType = sourcecode.swift; path = TrackerCategory.swift; sourceTree = "<group>"; };
		E931E69F29F9944E00E089CF /* TrackerRecord.swift */ = {isa = PBXFileReference; lastKnownFileType = sourcecode.swift; path = TrackerRecord.swift; sourceTree = "<group>"; };
		E93653D629EF20B500AA0D9C /* ColorCollectionView.swift */ = {isa = PBXFileReference; lastKnownFileType = sourcecode.swift; path = ColorCollectionView.swift; sourceTree = "<group>"; };
		E93653D829EF227900AA0D9C /* ColorCell.swift */ = {isa = PBXFileReference; lastKnownFileType = sourcecode.swift; path = ColorCell.swift; sourceTree = "<group>"; };
		E93653DA29F145BC00AA0D9C /* СhooseCategoryViewController.swift */ = {isa = PBXFileReference; lastKnownFileType = sourcecode.swift; path = "СhooseCategoryViewController.swift"; sourceTree = "<group>"; };
		E97A9DCA29EC471300ED53CE /* TrackerItemsView.swift */ = {isa = PBXFileReference; lastKnownFileType = sourcecode.swift; path = TrackerItemsView.swift; sourceTree = "<group>"; };
		E9853A3F29E444FE00D16744 /* AddTrackerViewController.swift */ = {isa = PBXFileReference; lastKnownFileType = sourcecode.swift; path = AddTrackerViewController.swift; sourceTree = "<group>"; };
		E9853A4129E44D7E00D16744 /* TabBarViewContoller.swift */ = {isa = PBXFileReference; lastKnownFileType = sourcecode.swift; path = TabBarViewContoller.swift; sourceTree = "<group>"; };
		E9853A4329E44EFE00D16744 /* StatisticViewController.swift */ = {isa = PBXFileReference; lastKnownFileType = sourcecode.swift; path = StatisticViewController.swift; sourceTree = "<group>"; };
		E9853A4829E4823700D16744 /* TrackerCell.swift */ = {isa = PBXFileReference; lastKnownFileType = sourcecode.swift; path = TrackerCell.swift; sourceTree = "<group>"; };
		E993847829F470C400BF0ECC /* ScheduleViewController.swift */ = {isa = PBXFileReference; lastKnownFileType = sourcecode.swift; path = ScheduleViewController.swift; sourceTree = "<group>"; };
		E993847A29F470ED00BF0ECC /* ScheduleTableView.swift */ = {isa = PBXFileReference; lastKnownFileType = sourcecode.swift; path = ScheduleTableView.swift; sourceTree = "<group>"; };
		E99E6B7629FDA8DF00CB505E /* TrackerCellHeader.swift */ = {isa = PBXFileReference; lastKnownFileType = sourcecode.swift; path = TrackerCellHeader.swift; sourceTree = "<group>"; };
		E9A627BF29DCAAEE00EDD4BA /* Tracker.app */ = {isa = PBXFileReference; explicitFileType = wrapper.application; includeInIndex = 0; path = Tracker.app; sourceTree = BUILT_PRODUCTS_DIR; };
		E9A627C229DCAAEE00EDD4BA /* AppDelegate.swift */ = {isa = PBXFileReference; lastKnownFileType = sourcecode.swift; path = AppDelegate.swift; sourceTree = "<group>"; };
		E9A627C429DCAAEE00EDD4BA /* SceneDelegate.swift */ = {isa = PBXFileReference; lastKnownFileType = sourcecode.swift; path = SceneDelegate.swift; sourceTree = "<group>"; };
		E9A627C629DCAAEE00EDD4BA /* TrackersViewController.swift */ = {isa = PBXFileReference; lastKnownFileType = sourcecode.swift; path = TrackersViewController.swift; sourceTree = "<group>"; };
		E9A627C929DCAAEE00EDD4BA /* Base */ = {isa = PBXFileReference; lastKnownFileType = file.storyboard; name = Base; path = Base.lproj/Main.storyboard; sourceTree = "<group>"; };
		E9A627CB29DCAAEF00EDD4BA /* Assets.xcassets */ = {isa = PBXFileReference; lastKnownFileType = folder.assetcatalog; path = Assets.xcassets; sourceTree = "<group>"; };
		E9A627CE29DCAAEF00EDD4BA /* Base */ = {isa = PBXFileReference; lastKnownFileType = file.storyboard; name = Base; path = Base.lproj/LaunchScreen.storyboard; sourceTree = "<group>"; };
		E9A627D029DCAAEF00EDD4BA /* Info.plist */ = {isa = PBXFileReference; lastKnownFileType = text.plist.xml; path = Info.plist; sourceTree = "<group>"; };
		E9B6295029ED419C00755E19 /* NewTrackerViewController.swift */ = {isa = PBXFileReference; lastKnownFileType = sourcecode.swift; path = NewTrackerViewController.swift; sourceTree = "<group>"; };
		E9B6295329ED6C1900755E19 /* MenuTableView.swift */ = {isa = PBXFileReference; lastKnownFileType = sourcecode.swift; path = MenuTableView.swift; sourceTree = "<group>"; };
		E9B6295729EDE0A400755E19 /* EmojiCollectionView.swift */ = {isa = PBXFileReference; lastKnownFileType = sourcecode.swift; path = EmojiCollectionView.swift; sourceTree = "<group>"; };
		E9B6295929EDE1F500755E19 /* EmojiCell.swift */ = {isa = PBXFileReference; lastKnownFileType = sourcecode.swift; path = EmojiCell.swift; sourceTree = "<group>"; };
/* End PBXFileReference section */

/* Begin PBXFrameworksBuildPhase section */
		E9A627BC29DCAAEE00EDD4BA /* Frameworks */ = {
			isa = PBXFrameworksBuildPhase;
			buildActionMask = 2147483647;
			files = (
			);
			runOnlyForDeploymentPostprocessing = 0;
		};
/* End PBXFrameworksBuildPhase section */

/* Begin PBXGroup section */
		E931E69529F98DDB00E089CF /* Models */ = {
			isa = PBXGroup;
			children = (
				E931E69B29F992B900E089CF /* Schedule.swift */,
				E931E69629F98E2400E089CF /* NewTracker */,
				E931E69929F9921E00E089CF /* Tracker.swift */,
				E931E69D29F993E200E089CF /* TrackerCategory.swift */,
				E931E69F29F9944E00E089CF /* TrackerRecord.swift */,
			);
			path = Models;
			sourceTree = "<group>";
		};
		E931E69629F98E2400E089CF /* NewTracker */ = {
			isa = PBXGroup;
			children = (
				E931E69729F98E3F00E089CF /* NewTrackerMenu.swift */,
			);
			path = NewTracker;
			sourceTree = "<group>";
		};
		E931E6A129F9956200E089CF /* Modules */ = {
			isa = PBXGroup;
			children = (
				E931E6AF29F996E100E089CF /* Schedule */,
				E931E6AD29F9967F00E089CF /* Statistic */,
				E931E6AC29F9965900E089CF /* TabBar */,
				E931E6A529F9958E00E089CF /* AddTracker */,
				E931E6A429F9958300E089CF /* Trackers */,
				E931E6A229F9956F00E089CF /* NewTracker */,
			);
			path = Modules;
			sourceTree = "<group>";
		};
		E931E6A229F9956F00E089CF /* NewTracker */ = {
			isa = PBXGroup;
			children = (
				E931E6A729F995BA00E089CF /* Subviews */,
				E9B6295029ED419C00755E19 /* NewTrackerViewController.swift */,
			);
			path = NewTracker;
			sourceTree = "<group>";
		};
		E931E6A429F9958300E089CF /* Trackers */ = {
			isa = PBXGroup;
			children = (
				E931E6AE29F996C900E089CF /* Subviews */,
				E9A627C629DCAAEE00EDD4BA /* TrackersViewController.swift */,
			);
			path = Trackers;
			sourceTree = "<group>";
		};
		E931E6A529F9958E00E089CF /* AddTracker */ = {
			isa = PBXGroup;
			children = (
				E9853A3F29E444FE00D16744 /* AddTrackerViewController.swift */,
			);
			path = AddTracker;
			sourceTree = "<group>";
		};
		E931E6A729F995BA00E089CF /* Subviews */ = {
			isa = PBXGroup;
			children = (
				E931E6AA29F995DF00E089CF /* MenuView */,
				E931E6A929F995D600E089CF /* ColorView */,
				E931E6A829F995CE00E089CF /* EmojieView */,
			);
			path = Subviews;
			sourceTree = "<group>";
		};
		E931E6A829F995CE00E089CF /* EmojieView */ = {
			isa = PBXGroup;
			children = (
				E9B6295729EDE0A400755E19 /* EmojiCollectionView.swift */,
				E9B6295929EDE1F500755E19 /* EmojiCell.swift */,
			);
			path = EmojieView;
			sourceTree = "<group>";
		};
		E931E6A929F995D600E089CF /* ColorView */ = {
			isa = PBXGroup;
			children = (
				E93653D629EF20B500AA0D9C /* ColorCollectionView.swift */,
				E93653D829EF227900AA0D9C /* ColorCell.swift */,
			);
			path = ColorView;
			sourceTree = "<group>";
		};
		E931E6AA29F995DF00E089CF /* MenuView */ = {
			isa = PBXGroup;
			children = (
				E9B6295329ED6C1900755E19 /* MenuTableView.swift */,
			);
			path = MenuView;
			sourceTree = "<group>";
		};
		E931E6AB29F9963200E089CF /* Resources */ = {
			isa = PBXGroup;
			children = (
				E9A627CB29DCAAEF00EDD4BA /* Assets.xcassets */,
			);
			path = Resources;
			sourceTree = "<group>";
		};
		E931E6AC29F9965900E089CF /* TabBar */ = {
			isa = PBXGroup;
			children = (
				E9853A4129E44D7E00D16744 /* TabBarViewContoller.swift */,
			);
			path = TabBar;
			sourceTree = "<group>";
		};
		E931E6AD29F9967F00E089CF /* Statistic */ = {
			isa = PBXGroup;
			children = (
				E9853A4329E44EFE00D16744 /* StatisticViewController.swift */,
			);
			path = Statistic;
			sourceTree = "<group>";
		};
		E931E6AE29F996C900E089CF /* Subviews */ = {
			isa = PBXGroup;
			children = (
				E99E6B7829FDAA0F00CB505E /* Cells */,
				E97A9DCA29EC471300ED53CE /* TrackerItemsView.swift */,
			);
			path = Subviews;
			sourceTree = "<group>";
		};
		E931E6AF29F996E100E089CF /* Schedule */ = {
			isa = PBXGroup;
			children = (
				E993847829F470C400BF0ECC /* ScheduleViewController.swift */,
			);
			path = Schedule;
			sourceTree = "<group>";
		};
		E99E6B7829FDAA0F00CB505E /* Cells */ = {
			isa = PBXGroup;
			children = (
				E9853A4829E4823700D16744 /* TrackerCell.swift */,
				E99E6B7629FDA8DF00CB505E /* TrackerCellHeader.swift */,
			);
			path = Cells;
			sourceTree = "<group>";
		};
		E9A627B629DCAAEE00EDD4BA = {
			isa = PBXGroup;
			children = (
				E9A627C129DCAAEE00EDD4BA /* Tracker */,
				E9A627C029DCAAEE00EDD4BA /* Products */,
			);
			sourceTree = "<group>";
		};
		E9A627C029DCAAEE00EDD4BA /* Products */ = {
			isa = PBXGroup;
			children = (
				E9A627BF29DCAAEE00EDD4BA /* Tracker.app */,
			);
			name = Products;
			sourceTree = "<group>";
		};
		E9A627C129DCAAEE00EDD4BA /* Tracker */ = {
			isa = PBXGroup;
			children = (
				E931E6AB29F9963200E089CF /* Resources */,
				E931E6A129F9956200E089CF /* Modules */,
				E931E69529F98DDB00E089CF /* Models */,
				E9A627C229DCAAEE00EDD4BA /* AppDelegate.swift */,
				E9A627C429DCAAEE00EDD4BA /* SceneDelegate.swift */,
				E9A627C829DCAAEE00EDD4BA /* Main.storyboard */,
				E9A627CD29DCAAEF00EDD4BA /* LaunchScreen.storyboard */,
				E9A627D029DCAAEF00EDD4BA /* Info.plist */,
				E93653DA29F145BC00AA0D9C /* СhooseCategoryViewController.swift */,
				E993847A29F470ED00BF0ECC /* ScheduleTableView.swift */,
			);
			path = Tracker;
			sourceTree = "<group>";
		};
/* End PBXGroup section */

/* Begin PBXNativeTarget section */
		E9A627BE29DCAAEE00EDD4BA /* Tracker */ = {
			isa = PBXNativeTarget;
			buildConfigurationList = E9A627D329DCAAEF00EDD4BA /* Build configuration list for PBXNativeTarget "Tracker" */;
			buildPhases = (
				E9A627BB29DCAAEE00EDD4BA /* Sources */,
				E9A627BC29DCAAEE00EDD4BA /* Frameworks */,
				E9A627BD29DCAAEE00EDD4BA /* Resources */,
			);
			buildRules = (
			);
			dependencies = (
			);
			name = Tracker;
			productName = Tracker;
			productReference = E9A627BF29DCAAEE00EDD4BA /* Tracker.app */;
			productType = "com.apple.product-type.application";
		};
/* End PBXNativeTarget section */

/* Begin PBXProject section */
		E9A627B729DCAAEE00EDD4BA /* Project object */ = {
			isa = PBXProject;
			attributes = {
				BuildIndependentTargetsInParallel = 1;
				LastSwiftUpdateCheck = 1420;
				LastUpgradeCheck = 1420;
				TargetAttributes = {
					E9A627BE29DCAAEE00EDD4BA = {
						CreatedOnToolsVersion = 14.2;
					};
				};
			};
			buildConfigurationList = E9A627BA29DCAAEE00EDD4BA /* Build configuration list for PBXProject "Tracker" */;
			compatibilityVersion = "Xcode 14.0";
			developmentRegion = en;
			hasScannedForEncodings = 0;
			knownRegions = (
				en,
				Base,
			);
			mainGroup = E9A627B629DCAAEE00EDD4BA;
			productRefGroup = E9A627C029DCAAEE00EDD4BA /* Products */;
			projectDirPath = "";
			projectRoot = "";
			targets = (
				E9A627BE29DCAAEE00EDD4BA /* Tracker */,
			);
		};
/* End PBXProject section */

/* Begin PBXResourcesBuildPhase section */
		E9A627BD29DCAAEE00EDD4BA /* Resources */ = {
			isa = PBXResourcesBuildPhase;
			buildActionMask = 2147483647;
			files = (
				E9A627CF29DCAAEF00EDD4BA /* LaunchScreen.storyboard in Resources */,
				E9A627CC29DCAAEF00EDD4BA /* Assets.xcassets in Resources */,
				E9A627CA29DCAAEE00EDD4BA /* Main.storyboard in Resources */,
			);
			runOnlyForDeploymentPostprocessing = 0;
		};
/* End PBXResourcesBuildPhase section */

/* Begin PBXSourcesBuildPhase section */
		E9A627BB29DCAAEE00EDD4BA /* Sources */ = {
			isa = PBXSourcesBuildPhase;
			buildActionMask = 2147483647;
			files = (
				E93653D729EF20B500AA0D9C /* ColorCollectionView.swift in Sources */,
				E9853A4929E4823700D16744 /* TrackerCell.swift in Sources */,
				E9853A4229E44D7E00D16744 /* TabBarViewContoller.swift in Sources */,
				E931E6A029F9944E00E089CF /* TrackerRecord.swift in Sources */,
				E993847929F470C400BF0ECC /* ScheduleViewController.swift in Sources */,
				E9A627C729DCAAEE00EDD4BA /* TrackersViewController.swift in Sources */,
				E9B6295829EDE0A400755E19 /* EmojiCollectionView.swift in Sources */,
				E931E69E29F993E200E089CF /* TrackerCategory.swift in Sources */,
				E9853A4029E444FE00D16744 /* AddTrackerViewController.swift in Sources */,
				E9A627C329DCAAEE00EDD4BA /* AppDelegate.swift in Sources */,
				E9B6295A29EDE1F600755E19 /* EmojiCell.swift in Sources */,
				E99E6B7729FDA8DF00CB505E /* TrackerCellHeader.swift in Sources */,
				E97A9DCB29EC471300ED53CE /* TrackerItemsView.swift in Sources */,
				E93653D929EF227900AA0D9C /* ColorCell.swift in Sources */,
				E993847B29F470ED00BF0ECC /* ScheduleTableView.swift in Sources */,
				E931E69A29F9921E00E089CF /* Tracker.swift in Sources */,
				E931E69829F98E3F00E089CF /* NewTrackerMenu.swift in Sources */,
				E9853A4429E44EFE00D16744 /* StatisticViewController.swift in Sources */,
				E93653DB29F145BC00AA0D9C /* СhooseCategoryViewController.swift in Sources */,
				E9B6295129ED419C00755E19 /* NewTrackerViewController.swift in Sources */,
				E9A627C529DCAAEE00EDD4BA /* SceneDelegate.swift in Sources */,
				E931E69C29F992B900E089CF /* Schedule.swift in Sources */,
				E9B6295429ED6C1900755E19 /* MenuTableView.swift in Sources */,
			);
			runOnlyForDeploymentPostprocessing = 0;
		};
/* End PBXSourcesBuildPhase section */

/* Begin PBXVariantGroup section */
		E9A627C829DCAAEE00EDD4BA /* Main.storyboard */ = {
			isa = PBXVariantGroup;
			children = (
				E9A627C929DCAAEE00EDD4BA /* Base */,
			);
			name = Main.storyboard;
			sourceTree = "<group>";
		};
		E9A627CD29DCAAEF00EDD4BA /* LaunchScreen.storyboard */ = {
			isa = PBXVariantGroup;
			children = (
				E9A627CE29DCAAEF00EDD4BA /* Base */,
			);
			name = LaunchScreen.storyboard;
			sourceTree = "<group>";
		};
/* End PBXVariantGroup section */

/* Begin XCBuildConfiguration section */
		E9A627D129DCAAEF00EDD4BA /* Debug */ = {
			isa = XCBuildConfiguration;
			buildSettings = {
				ALWAYS_SEARCH_USER_PATHS = NO;
				CLANG_ANALYZER_NONNULL = YES;
				CLANG_ANALYZER_NUMBER_OBJECT_CONVERSION = YES_AGGRESSIVE;
				CLANG_CXX_LANGUAGE_STANDARD = "gnu++20";
				CLANG_ENABLE_MODULES = YES;
				CLANG_ENABLE_OBJC_ARC = YES;
				CLANG_ENABLE_OBJC_WEAK = YES;
				CLANG_WARN_BLOCK_CAPTURE_AUTORELEASING = YES;
				CLANG_WARN_BOOL_CONVERSION = YES;
				CLANG_WARN_COMMA = YES;
				CLANG_WARN_CONSTANT_CONVERSION = YES;
				CLANG_WARN_DEPRECATED_OBJC_IMPLEMENTATIONS = YES;
				CLANG_WARN_DIRECT_OBJC_ISA_USAGE = YES_ERROR;
				CLANG_WARN_DOCUMENTATION_COMMENTS = YES;
				CLANG_WARN_EMPTY_BODY = YES;
				CLANG_WARN_ENUM_CONVERSION = YES;
				CLANG_WARN_INFINITE_RECURSION = YES;
				CLANG_WARN_INT_CONVERSION = YES;
				CLANG_WARN_NON_LITERAL_NULL_CONVERSION = YES;
				CLANG_WARN_OBJC_IMPLICIT_RETAIN_SELF = YES;
				CLANG_WARN_OBJC_LITERAL_CONVERSION = YES;
				CLANG_WARN_OBJC_ROOT_CLASS = YES_ERROR;
				CLANG_WARN_QUOTED_INCLUDE_IN_FRAMEWORK_HEADER = YES;
				CLANG_WARN_RANGE_LOOP_ANALYSIS = YES;
				CLANG_WARN_STRICT_PROTOTYPES = YES;
				CLANG_WARN_SUSPICIOUS_MOVE = YES;
				CLANG_WARN_UNGUARDED_AVAILABILITY = YES_AGGRESSIVE;
				CLANG_WARN_UNREACHABLE_CODE = YES;
				CLANG_WARN__DUPLICATE_METHOD_MATCH = YES;
				COPY_PHASE_STRIP = NO;
				DEBUG_INFORMATION_FORMAT = dwarf;
				ENABLE_STRICT_OBJC_MSGSEND = YES;
				ENABLE_TESTABILITY = YES;
				GCC_C_LANGUAGE_STANDARD = gnu11;
				GCC_DYNAMIC_NO_PIC = NO;
				GCC_NO_COMMON_BLOCKS = YES;
				GCC_OPTIMIZATION_LEVEL = 0;
				GCC_PREPROCESSOR_DEFINITIONS = (
					"DEBUG=1",
					"$(inherited)",
				);
				GCC_WARN_64_TO_32_BIT_CONVERSION = YES;
				GCC_WARN_ABOUT_RETURN_TYPE = YES_ERROR;
				GCC_WARN_UNDECLARED_SELECTOR = YES;
				GCC_WARN_UNINITIALIZED_AUTOS = YES_AGGRESSIVE;
				GCC_WARN_UNUSED_FUNCTION = YES;
				GCC_WARN_UNUSED_VARIABLE = YES;
				IPHONEOS_DEPLOYMENT_TARGET = 16.2;
				MTL_ENABLE_DEBUG_INFO = INCLUDE_SOURCE;
				MTL_FAST_MATH = YES;
				ONLY_ACTIVE_ARCH = YES;
				SDKROOT = iphoneos;
				SWIFT_ACTIVE_COMPILATION_CONDITIONS = DEBUG;
				SWIFT_OPTIMIZATION_LEVEL = "-Onone";
			};
			name = Debug;
		};
		E9A627D229DCAAEF00EDD4BA /* Release */ = {
			isa = XCBuildConfiguration;
			buildSettings = {
				ALWAYS_SEARCH_USER_PATHS = NO;
				CLANG_ANALYZER_NONNULL = YES;
				CLANG_ANALYZER_NUMBER_OBJECT_CONVERSION = YES_AGGRESSIVE;
				CLANG_CXX_LANGUAGE_STANDARD = "gnu++20";
				CLANG_ENABLE_MODULES = YES;
				CLANG_ENABLE_OBJC_ARC = YES;
				CLANG_ENABLE_OBJC_WEAK = YES;
				CLANG_WARN_BLOCK_CAPTURE_AUTORELEASING = YES;
				CLANG_WARN_BOOL_CONVERSION = YES;
				CLANG_WARN_COMMA = YES;
				CLANG_WARN_CONSTANT_CONVERSION = YES;
				CLANG_WARN_DEPRECATED_OBJC_IMPLEMENTATIONS = YES;
				CLANG_WARN_DIRECT_OBJC_ISA_USAGE = YES_ERROR;
				CLANG_WARN_DOCUMENTATION_COMMENTS = YES;
				CLANG_WARN_EMPTY_BODY = YES;
				CLANG_WARN_ENUM_CONVERSION = YES;
				CLANG_WARN_INFINITE_RECURSION = YES;
				CLANG_WARN_INT_CONVERSION = YES;
				CLANG_WARN_NON_LITERAL_NULL_CONVERSION = YES;
				CLANG_WARN_OBJC_IMPLICIT_RETAIN_SELF = YES;
				CLANG_WARN_OBJC_LITERAL_CONVERSION = YES;
				CLANG_WARN_OBJC_ROOT_CLASS = YES_ERROR;
				CLANG_WARN_QUOTED_INCLUDE_IN_FRAMEWORK_HEADER = YES;
				CLANG_WARN_RANGE_LOOP_ANALYSIS = YES;
				CLANG_WARN_STRICT_PROTOTYPES = YES;
				CLANG_WARN_SUSPICIOUS_MOVE = YES;
				CLANG_WARN_UNGUARDED_AVAILABILITY = YES_AGGRESSIVE;
				CLANG_WARN_UNREACHABLE_CODE = YES;
				CLANG_WARN__DUPLICATE_METHOD_MATCH = YES;
				COPY_PHASE_STRIP = NO;
				DEBUG_INFORMATION_FORMAT = "dwarf-with-dsym";
				ENABLE_NS_ASSERTIONS = NO;
				ENABLE_STRICT_OBJC_MSGSEND = YES;
				GCC_C_LANGUAGE_STANDARD = gnu11;
				GCC_NO_COMMON_BLOCKS = YES;
				GCC_WARN_64_TO_32_BIT_CONVERSION = YES;
				GCC_WARN_ABOUT_RETURN_TYPE = YES_ERROR;
				GCC_WARN_UNDECLARED_SELECTOR = YES;
				GCC_WARN_UNINITIALIZED_AUTOS = YES_AGGRESSIVE;
				GCC_WARN_UNUSED_FUNCTION = YES;
				GCC_WARN_UNUSED_VARIABLE = YES;
				IPHONEOS_DEPLOYMENT_TARGET = 16.2;
				MTL_ENABLE_DEBUG_INFO = NO;
				MTL_FAST_MATH = YES;
				SDKROOT = iphoneos;
				SWIFT_COMPILATION_MODE = wholemodule;
				SWIFT_OPTIMIZATION_LEVEL = "-O";
				VALIDATE_PRODUCT = YES;
			};
			name = Release;
		};
		E9A627D429DCAAEF00EDD4BA /* Debug */ = {
			isa = XCBuildConfiguration;
			buildSettings = {
				ASSETCATALOG_COMPILER_APPICON_NAME = AppIcon;
				ASSETCATALOG_COMPILER_GLOBAL_ACCENT_COLOR_NAME = AccentColor;
				CODE_SIGN_STYLE = Automatic;
				CURRENT_PROJECT_VERSION = 1;
				DEVELOPMENT_TEAM = JN9Z27LG4A;
				GENERATE_INFOPLIST_FILE = YES;
				INFOPLIST_FILE = Tracker/Info.plist;
				INFOPLIST_KEY_UIApplicationSupportsIndirectInputEvents = YES;
				INFOPLIST_KEY_UILaunchStoryboardName = LaunchScreen;
				INFOPLIST_KEY_UIMainStoryboardFile = Main;
				INFOPLIST_KEY_UISupportedInterfaceOrientations_iPad = "UIInterfaceOrientationPortrait UIInterfaceOrientationPortraitUpsideDown UIInterfaceOrientationLandscapeLeft UIInterfaceOrientationLandscapeRight";
				INFOPLIST_KEY_UISupportedInterfaceOrientations_iPhone = "UIInterfaceOrientationPortrait UIInterfaceOrientationLandscapeLeft UIInterfaceOrientationLandscapeRight";
				IPHONEOS_DEPLOYMENT_TARGET = 13.4;
				LD_RUNPATH_SEARCH_PATHS = (
					"$(inherited)",
					"@executable_path/Frameworks",
				);
				MARKETING_VERSION = 1.0;
				PRODUCT_BUNDLE_IDENTIFIER = ru.yandex.practicum.Tracker;
				PRODUCT_NAME = "$(TARGET_NAME)";
				SUPPORTED_PLATFORMS = "iphoneos iphonesimulator";
				SUPPORTS_MACCATALYST = NO;
				SUPPORTS_MAC_DESIGNED_FOR_IPHONE_IPAD = NO;
				SWIFT_EMIT_LOC_STRINGS = YES;
				SWIFT_VERSION = 5.0;
				TARGETED_DEVICE_FAMILY = 1;
			};
			name = Debug;
		};
		E9A627D529DCAAEF00EDD4BA /* Release */ = {
			isa = XCBuildConfiguration;
			buildSettings = {
				ASSETCATALOG_COMPILER_APPICON_NAME = AppIcon;
				ASSETCATALOG_COMPILER_GLOBAL_ACCENT_COLOR_NAME = AccentColor;
				CODE_SIGN_STYLE = Automatic;
				CURRENT_PROJECT_VERSION = 1;
				DEVELOPMENT_TEAM = JN9Z27LG4A;
				GENERATE_INFOPLIST_FILE = YES;
				INFOPLIST_FILE = Tracker/Info.plist;
				INFOPLIST_KEY_UIApplicationSupportsIndirectInputEvents = YES;
				INFOPLIST_KEY_UILaunchStoryboardName = LaunchScreen;
				INFOPLIST_KEY_UIMainStoryboardFile = Main;
				INFOPLIST_KEY_UISupportedInterfaceOrientations_iPad = "UIInterfaceOrientationPortrait UIInterfaceOrientationPortraitUpsideDown UIInterfaceOrientationLandscapeLeft UIInterfaceOrientationLandscapeRight";
				INFOPLIST_KEY_UISupportedInterfaceOrientations_iPhone = "UIInterfaceOrientationPortrait UIInterfaceOrientationLandscapeLeft UIInterfaceOrientationLandscapeRight";
				IPHONEOS_DEPLOYMENT_TARGET = 13.4;
				LD_RUNPATH_SEARCH_PATHS = (
					"$(inherited)",
					"@executable_path/Frameworks",
				);
				MARKETING_VERSION = 1.0;
				PRODUCT_BUNDLE_IDENTIFIER = ru.yandex.practicum.Tracker;
				PRODUCT_NAME = "$(TARGET_NAME)";
				SUPPORTED_PLATFORMS = "iphoneos iphonesimulator";
				SUPPORTS_MACCATALYST = NO;
				SUPPORTS_MAC_DESIGNED_FOR_IPHONE_IPAD = NO;
				SWIFT_EMIT_LOC_STRINGS = YES;
				SWIFT_VERSION = 5.0;
				TARGETED_DEVICE_FAMILY = 1;
			};
			name = Release;
		};
/* End XCBuildConfiguration section */

/* Begin XCConfigurationList section */
		E9A627BA29DCAAEE00EDD4BA /* Build configuration list for PBXProject "Tracker" */ = {
			isa = XCConfigurationList;
			buildConfigurations = (
				E9A627D129DCAAEF00EDD4BA /* Debug */,
				E9A627D229DCAAEF00EDD4BA /* Release */,
			);
			defaultConfigurationIsVisible = 0;
			defaultConfigurationName = Release;
		};
		E9A627D329DCAAEF00EDD4BA /* Build configuration list for PBXNativeTarget "Tracker" */ = {
			isa = XCConfigurationList;
			buildConfigurations = (
				E9A627D429DCAAEF00EDD4BA /* Debug */,
				E9A627D529DCAAEF00EDD4BA /* Release */,
			);
			defaultConfigurationIsVisible = 0;
			defaultConfigurationName = Release;
		};
/* End XCConfigurationList section */
	};
	rootObject = E9A627B729DCAAEE00EDD4BA /* Project object */;
}
